
Microsoft Visual Studio Solution File, Format Version 11.00
# Visual Studio 2010
Project("{FAE04EC0-301F-11D3-BF4B-00C04F79EFBC}") = "Assembly-CSharp-Editor", "Assembly-CSharp-Editor.csproj", "{b7298d6f-3061-dd55-32fe-ae721a4ad89f}"
EndProject
Project("{FAE04EC0-301F-11D3-BF4B-00C04F79EFBC}") = "Assembly-CSharp", "Assembly-CSharp.csproj", "{d2daf265-6282-d86c-4e8a-ec66a7152f72}"
EndProject
Global
	GlobalSection(SolutionConfigurationPlatforms) = preSolution
		Debug|Any CPU = Debug|Any CPU
	EndGlobalSection
	GlobalSection(ProjectConfigurationPlatforms) = postSolution
		{b7298d6f-3061-dd55-32fe-ae721a4ad89f}.Debug|Any CPU.ActiveCfg = Debug|Any CPU
		{b7298d6f-3061-dd55-32fe-ae721a4ad89f}.Debug|Any CPU.Build.0 = Debug|Any CPU
		{d2daf265-6282-d86c-4e8a-ec66a7152f72}.Debug|Any CPU.ActiveCfg = Debug|Any CPU
		{d2daf265-6282-d86c-4e8a-ec66a7152f72}.Debug|Any CPU.Build.0 = Debug|Any CPU
	EndGlobalSection
	GlobalSection(SolutionProperties) = preSolution
		HideSolutionNode = FALSE
	EndGlobalSection
EndGlobal
